<Solution>
  <Folder Name="/tests/">
    <Project Path="tests/Novalist.Extensions.Tests/Novalist.Extensions.Tests.csproj" />
  </Folder>
  <Project Path="Novalist.Extensions.Formats/Novalist.Extensions.Formats.csproj" />
  <Project Path="Novalist.Extensions.Insight/Novalist.Extensions.Insight.csproj" />
  <Project Path="Novalist.Extensions.Publish/Novalist.Extensions.Publish.csproj" />
  <Project Path="Novalist.Extensions.Toolkit/Novalist.Extensions.Toolkit.csproj" />
</Solution>
